
Microsoft Visual Studio Solution File, Format Version 12.00
# Visual Studio Version 17
VisualStudioVersion = 17.5.33424.131
MinimumVisualStudioVersion = 10.0.40219.1
Project("{8BC9CEB8-8B4A-11D0-8D11-00A0C91BC942}") = "paradigmaoop", "paradigmaoop\paradigmaoop.vcxproj", "{9EA04E12-1D04-4CE0-8E1E-6E64FE33EBFB}"
EndProject
Project("{8BC9CEB8-8B4A-11D0-8D11-00A0C91BC942}") = "Asosiasi", "Asosiasi\Asosiasi.vcxproj", "{91922359-9B69-4A3F-970A-6E6747775F1B}"
EndProject
Project("{8BC9CEB8-8B4A-11D0-8D11-00A0C91BC942}") = "MainIA", "MainIA\MainIA.vcxproj", "{C58694FC-1AE8-4066-8CEF-B033DF3913B0}"
EndProject
Project("{8BC9CEB8-8B4A-11D0-8D11-00A0C91BC942}") = "MainJM", "MainJM\MainJM.vcxproj", "{539DA73D-9C15-4DAF-A6A7-EDD3DCF2148B}"
EndProject
Project("{8BC9CEB8-8B4A-11D0-8D11-00A0C91BC942}") = "Memberinitlist", "Memberinitlist\Memberinitlist.vcxproj", "{68C76E35-9FAB-4F4A-B046-5EF0498531FD}"
EndProject
Global
	GlobalSection(SolutionConfigurationPlatforms) = preSolution
		Debug|x64 = Debug|x64
		Debug|x86 = Debug|x86
		Release|x64 = Release|x64
		Release|x86 = Release|x86
	EndGlobalSection
	GlobalSection(ProjectConfigurationPlatforms) = postSolution
		{9EA04E12-1D04-4CE0-8E1E-6E64FE33EBFB}.Debug|x64.ActiveCfg = Debug|x64
		{9EA04E12-1D04-4CE0-8E1E-6E64FE33EBFB}.Debug|x64.Build.0 = Debug|x64
		{9EA04E12-1D04-4CE0-8E1E-6E64FE33EBFB}.Debug|x86.ActiveCfg = Debug|Win32
		{9EA04E12-1D04-4CE0-8E1E-6E64FE33EBFB}.Debug|x86.Build.0 = Debug|Win32
		{9EA04E12-1D04-4CE0-8E1E-6E64FE33EBFB}.Release|x64.ActiveCfg = Release|x64
		{9EA04E12-1D04-4CE0-8E1E-6E64FE33EBFB}.Release|x64.Build.0 = Release|x64
		{9EA04E12-1D04-4CE0-8E1E-6E64FE33EBFB}.Release|x86.ActiveCfg = Release|Win32
		{9EA04E12-1D04-4CE0-8E1E-6E64FE33EBFB}.Release|x86.Build.0 = Release|Win32
		{91922359-9B69-4A3F-970A-6E6747775F1B}.Debug|x64.ActiveCfg = Debug|x64
		{91922359-9B69-4A3F-970A-6E6747775F1B}.Debug|x64.Build.0 = Debug|x64
		{91922359-9B69-4A3F-970A-6E6747775F1B}.Debug|x86.ActiveCfg = Debug|Win32
		{91922359-9B69-4A3F-970A-6E6747775F1B}.Debug|x86.Build.0 = Debug|Win32
		{91922359-9B69-4A3F-970A-6E6747775F1B}.Release|x64.ActiveCfg = Release|x64
		{91922359-9B69-4A3F-970A-6E6747775F1B}.Release|x64.Build.0 = Release|x64
		{91922359-9B69-4A3F-970A-6E6747775F1B}.Release|x86.ActiveCfg = Release|Win32
		{91922359-9B69-4A3F-970A-6E6747775F1B}.Release|x86.Build.0 = Release|Win32
		{C58694FC-1AE8-4066-8CEF-B033DF3913B0}.Debug|x64.ActiveCfg = Debug|x64
		{C58694FC-1AE8-4066-8CEF-B033DF3913B0}.Debug|x64.Build.0 = Debug|x64
		{C58694FC-1AE8-4066-8CEF-B033DF3913B0}.Debug|x86.ActiveCfg = Debug|Win32
		{C58694FC-1AE8-4066-8CEF-B033DF3913B0}.Debug|x86.Build.0 = Debug|Win32
		{C58694FC-1AE8-4066-8CEF-B033DF3913B0}.Release|x64.ActiveCfg = Release|x64
		{C58694FC-1AE8-4066-8CEF-B033DF3913B0}.Release|x64.Build.0 = Release|x64
		{C58694FC-1AE8-4066-8CEF-B033DF3913B0}.Release|x86.ActiveCfg = Release|Win32
		{C58694FC-1AE8-4066-8CEF-B033DF3913B0}.Release|x86.Build.0 = Release|Win32
		{539DA73D-9C15-4DAF-A6A7-EDD3DCF2148B}.Debug|x64.ActiveCfg = Debug|x64
		{539DA73D-9C15-4DAF-A6A7-EDD3DCF2148B}.Debug|x64.Build.0 = Debug|x64
		{539DA73D-9C15-4DAF-A6A7-EDD3DCF2148B}.Debug|x86.ActiveCfg = Debug|Win32
		{539DA73D-9C15-4DAF-A6A7-EDD3DCF2148B}.Debug|x86.Build.0 = Debug|Win32
		{539DA73D-9C15-4DAF-A6A7-EDD3DCF2148B}.Release|x64.ActiveCfg = Release|x64
		{539DA73D-9C15-4DAF-A6A7-EDD3DCF2148B}.Release|x64.Build.0 = Release|x64
		{539DA73D-9C15-4DAF-A6A7-EDD3DCF2148B}.Release|x86.ActiveCfg = Release|Win32
		{539DA73D-9C15-4DAF-A6A7-EDD3DCF2148B}.Release|x86.Build.0 = Release|Win32
		{68C76E35-9FAB-4F4A-B046-5EF0498531FD}.Debug|x64.ActiveCfg = Debug|x64
		{68C76E35-9FAB-4F4A-B046-5EF0498531FD}.Debug|x64.Build.0 = Debug|x64
		{68C76E35-9FAB-4F4A-B046-5EF0498531FD}.Debug|x86.ActiveCfg = Debug|Win32
		{68C76E35-9FAB-4F4A-B046-5EF0498531FD}.Debug|x86.Build.0 = Debug|Win32
		{68C76E35-9FAB-4F4A-B046-5EF0498531FD}.Release|x64.ActiveCfg = Release|x64
		{68C76E35-9FAB-4F4A-B046-5EF0498531FD}.Release|x64.Build.0 = Release|x64
		{68C76E35-9FAB-4F4A-B046-5EF0498531FD}.Release|x86.ActiveCfg = Release|Win32
		{68C76E35-9FAB-4F4A-B046-5EF0498531FD}.Release|x86.Build.0 = Release|Win32
	EndGlobalSection
	GlobalSection(SolutionProperties) = preSolution
		HideSolutionNode = FALSE
	EndGlobalSection
	GlobalSection(ExtensibilityGlobals) = postSolution
		SolutionGuid = {C58C381C-6F76-4F37-8DEF-00000E8DD230}
	EndGlobalSection
EndGlobal
